
Microsoft Visual Studio Solution File, Format Version 12.00
# Visual Studio Version 17
VisualStudioVersion = 17.9.34728.123
MinimumVisualStudioVersion = 10.0.40219.1
Project("{2150E333-8FDC-42A3-9474-1A3956D46DE8}") = "1- Application", "1- Application", "{8376FB92-C5A2-4F35-83A6-B9EB92551F76}"
EndProject
Project("{2150E333-8FDC-42A3-9474-1A3956D46DE8}") = "2- Services", "2- Services", "{D4EA8FD8-9D1A-4AC8-9305-B6D65BDFFABB}"
EndProject
Project("{2150E333-8FDC-42A3-9474-1A3956D46DE8}") = "3- Domain", "3- Domain", "{2846EAD6-F430-4E4F-9DEB-A3DAB62D39EE}"
EndProject
Project("{2150E333-8FDC-42A3-9474-1A3956D46DE8}") = "4- Infrastructure", "4- Infrastructure", "{3B252428-0FCC-4066-9EC2-5FC416BACB23}"
EndProject
Project("{2150E333-8FDC-42A3-9474-1A3956D46DE8}") = "4.1- Entityframework", "4.1- Entityframework", "{3027173F-4510-40E8-9BBE-7C78A98D77CC}"
EndProject
Project("{9A19103F-16F7-4668-BE54-9A1E7A4F7556}") = "CryptoFacilBrasil.Services", "2- Services\CryptoFacilBrasil.Services\CryptoFacilBrasil.Services.csproj", "{4F0B8749-AFA2-4FF9-BBD9-3396CE35325D}"
EndProject
Project("{9A19103F-16F7-4668-BE54-9A1E7A4F7556}") = "CryptoFacilBrasil.Domain", "3- Domain\CryptoFacilBrasil.Domain\CryptoFacilBrasil.Domain.csproj", "{178BFD74-9586-429F-BFA3-E8B4D92B6854}"
EndProject
Project("{9A19103F-16F7-4668-BE54-9A1E7A4F7556}") = "Application.CryptoFacilBrasil", "1- Application\Application.CryptoFacilBrasil\Application.CryptoFacilBrasil.csproj", "{FAACFE93-AC69-4C29-A411-F83F6AC5F596}"
EndProject
Project("{9A19103F-16F7-4668-BE54-9A1E7A4F7556}") = "Infrastructure.Entityframework", "4- Infrastructure\Infrastructure.Entityframework\Infrastructure.Entityframework.csproj", "{59D2B40B-5898-4B89-ACA4-CF8172840E0F}"
EndProject
Global
	GlobalSection(SolutionConfigurationPlatforms) = preSolution
		Debug|Any CPU = Debug|Any CPU
		Release|Any CPU = Release|Any CPU
	EndGlobalSection
	GlobalSection(ProjectConfigurationPlatforms) = postSolution
		{4F0B8749-AFA2-4FF9-BBD9-3396CE35325D}.Debug|Any CPU.ActiveCfg = Debug|Any CPU
		{4F0B8749-AFA2-4FF9-BBD9-3396CE35325D}.Debug|Any CPU.Build.0 = Debug|Any CPU
		{4F0B8749-AFA2-4FF9-BBD9-3396CE35325D}.Release|Any CPU.ActiveCfg = Release|Any CPU
		{4F0B8749-AFA2-4FF9-BBD9-3396CE35325D}.Release|Any CPU.Build.0 = Release|Any CPU
		{178BFD74-9586-429F-BFA3-E8B4D92B6854}.Debug|Any CPU.ActiveCfg = Debug|Any CPU
		{178BFD74-9586-429F-BFA3-E8B4D92B6854}.Debug|Any CPU.Build.0 = Debug|Any CPU
		{178BFD74-9586-429F-BFA3-E8B4D92B6854}.Release|Any CPU.ActiveCfg = Release|Any CPU
		{178BFD74-9586-429F-BFA3-E8B4D92B6854}.Release|Any CPU.Build.0 = Release|Any CPU
		{FAACFE93-AC69-4C29-A411-F83F6AC5F596}.Debug|Any CPU.ActiveCfg = Debug|Any CPU
		{FAACFE93-AC69-4C29-A411-F83F6AC5F596}.Debug|Any CPU.Build.0 = Debug|Any CPU
		{FAACFE93-AC69-4C29-A411-F83F6AC5F596}.Release|Any CPU.ActiveCfg = Release|Any CPU
		{FAACFE93-AC69-4C29-A411-F83F6AC5F596}.Release|Any CPU.Build.0 = Release|Any CPU
		{59D2B40B-5898-4B89-ACA4-CF8172840E0F}.Debug|Any CPU.ActiveCfg = Debug|Any CPU
		{59D2B40B-5898-4B89-ACA4-CF8172840E0F}.Debug|Any CPU.Build.0 = Debug|Any CPU
		{59D2B40B-5898-4B89-ACA4-CF8172840E0F}.Release|Any CPU.ActiveCfg = Release|Any CPU
		{59D2B40B-5898-4B89-ACA4-CF8172840E0F}.Release|Any CPU.Build.0 = Release|Any CPU
	EndGlobalSection
	GlobalSection(SolutionProperties) = preSolution
		HideSolutionNode = FALSE
	EndGlobalSection
	GlobalSection(NestedProjects) = preSolution
		{3027173F-4510-40E8-9BBE-7C78A98D77CC} = {3B252428-0FCC-4066-9EC2-5FC416BACB23}
		{4F0B8749-AFA2-4FF9-BBD9-3396CE35325D} = {D4EA8FD8-9D1A-4AC8-9305-B6D65BDFFABB}
		{178BFD74-9586-429F-BFA3-E8B4D92B6854} = {2846EAD6-F430-4E4F-9DEB-A3DAB62D39EE}
		{FAACFE93-AC69-4C29-A411-F83F6AC5F596} = {8376FB92-C5A2-4F35-83A6-B9EB92551F76}
		{59D2B40B-5898-4B89-ACA4-CF8172840E0F} = {3027173F-4510-40E8-9BBE-7C78A98D77CC}
	EndGlobalSection
	GlobalSection(ExtensibilityGlobals) = postSolution
		SolutionGuid = {C5BC48C8-1D6D-4DB3-B7F7-79B57F349FBD}
	EndGlobalSection
EndGlobal
